STORAGE: NONE
RESTRICTION: == net10.0
NUGET
  remote: https://pkgs.dev.azure.com/dnceng/public/_packaging/dotnet-public/nuget/v3/index.json
    AwesomeAssertions (8.0.2)
    Castle.Core (5.2.1)
      System.Diagnostics.EventLog (>= 6.0)
    FsCheck (2.14.3)
      FSharp.Core (>= 4.2.3)
    FsCheck.Xunit (2.14.3)
      FsCheck (2.14.3)
      xunit.extensibility.execution (>= 2.2 < 3.0)
    FSharp.Core (11.0.100)
    Humanizer.Core (2.14.1)
    Json.More.Net (3.0.1)
    JsonPointer.Net (5.3.1)
      Humanizer.Core (>= 2.14.1)
      Json.More.Net (>= 2.1.1)
    JsonSchema.Net (7.0.2)
      JsonPointer.Net (>= 5.0)
    Microsoft.Build.Framework (17.8.3)
    Microsoft.Build.Utilities.Core (17.8.3)
      Microsoft.Build.Framework (>= 17.8.3)
      Microsoft.NET.StringTools (>= 17.8.3)
      Microsoft.VisualStudio.Setup.Configuration.Interop (>= 3.2.2146)
      System.Collections.Immutable (>= 7.0)
      System.Configuration.ConfigurationManager (>= 7.0)
    Microsoft.CodeAnalysis.BannedApiAnalyzers (3.3.5-beta1.23270.2)
    Microsoft.CodeAnalysis.NetAnalyzers (10.0.106)
    Microsoft.CSharp (4.7.0)
    Microsoft.Diagnostics.NETCore.Client (0.2.621003)
      Microsoft.Extensions.Logging.Abstractions (>= 6.0.4)
    Microsoft.Diagnostics.Runtime (1.0.5)
    Microsoft.Diagnostics.Tracing.TraceEvent (3.1.28)
      Microsoft.Diagnostics.NETCore.Client (>= 0.2.510501)
      Microsoft.Win32.Registry (>= 5.0)
      System.Collections.Immutable (>= 9.0.8)
      System.Reflection.Metadata (>= 9.0.8)
      System.Reflection.TypeExtensions (>= 4.7)
      System.Runtime.CompilerServices.Unsafe (>= 6.1.2)
      System.Text.Json (>= 9.0.8)
    Microsoft.DiaSymReader (2.0.0)
    Microsoft.Extensions.DependencyInjection.Abstractions (10.0.7)
    Microsoft.Extensions.Logging.Abstractions (10.0.7)
      Microsoft.Extensions.DependencyInjection.Abstractions (>= 10.0.7)
    Microsoft.IdentityModel.Logging (6.15.0)
    Microsoft.IdentityModel.Tokens (6.15.0)
      Microsoft.CSharp (>= 4.5)
      Microsoft.IdentityModel.Logging (>= 6.15)
      System.Security.Cryptography.Cng (>= 4.5)
    Microsoft.NET.StringTools (17.11.4)
    Microsoft.VisualStudio.Setup.Configuration.Interop (3.11.2177)
    Microsoft.Win32.Registry (5.0.0)
      System.Security.AccessControl (>= 5.0)
      System.Security.Principal.Windows (>= 5.0)
    Moq (4.18.4)
      Castle.Core (>= 5.1.1)
    Newtonsoft.Json (13.0.3)
    runtime.native.System.Data.SqlClient.sni (4.7.0)
      runtime.win-arm64.runtime.native.System.Data.SqlClient.sni (>= 4.4)
      runtime.win-x64.runtime.native.System.Data.SqlClient.sni (>= 4.4)
      runtime.win-x86.runtime.native.System.Data.SqlClient.sni (>= 4.4)
    runtime.win-arm64.runtime.native.System.Data.SqlClient.sni (4.4.0)
    runtime.win-x64.runtime.native.System.Data.SqlClient.sni (4.4.0)
    runtime.win-x86.runtime.native.System.Data.SqlClient.sni (4.4.0)
    StaticCS (0.2.0)
    StyleCop.Analyzers (1.2.0-beta.556)
      StyleCop.Analyzers.Unstable (>= 1.2.0.556)
    StyleCop.Analyzers.Unstable (1.2.0.556)
    System.Buffers (4.5.1)
    System.Collections.Immutable (9.0.8)
    System.CommandLine (2.0.6)
    System.Composition (9.0.0)
      System.Composition.AttributedModel (>= 9.0)
      System.Composition.Convention (>= 9.0)
      System.Composition.Hosting (>= 9.0)
      System.Composition.Runtime (>= 9.0)
      System.Composition.TypedParts (>= 9.0)
    System.Composition.AttributedModel (9.0.0)
    System.Composition.Convention (9.0.0)
      System.Composition.AttributedModel (>= 9.0)
    System.Composition.Hosting (9.0.0)
      System.Composition.Runtime (>= 9.0)
    System.Composition.Runtime (9.0.0)
    System.Composition.TypedParts (9.0.0)
      System.Composition.AttributedModel (>= 9.0)
      System.Composition.Hosting (>= 9.0)
      System.Composition.Runtime (>= 9.0)
    System.Configuration.ConfigurationManager (8.0.1)
      System.Diagnostics.EventLog (>= 8.0.1)
      System.Security.Cryptography.ProtectedData (>= 8.0)
    System.Data.SqlClient (4.9.0)
      runtime.native.System.Data.SqlClient.sni (>= 4.4)
    System.Diagnostics.EventLog (8.0.1)
    System.Formats.Asn1 (10.0.7)
    System.IO.Pipelines (8.0.0)
    System.Memory (4.6.0)
    System.Reflection.Metadata (9.0.8)
    System.Reflection.TypeExtensions (4.7.0)
    System.Resources.Extensions (8.0.0)
    System.Runtime.CompilerServices.Unsafe (6.1.2)
    System.Security.AccessControl (6.0.1)
    System.Security.Cryptography.Cng (5.0.0)
      System.Formats.Asn1 (>= 5.0)
    System.Security.Cryptography.ProtectedData (8.0.0)
    System.Security.Principal.Windows (5.0.0)
    System.Text.Json (10.0.7)
    System.Threading.Channels (8.0.0)
    xunit.abstractions (2.0.3)
    xunit.analyzers (1.22.0)
    xunit.extensibility.core (2.9.3)
      xunit.abstractions (>= 2.0.3)
    xunit.extensibility.execution (2.9.3)
      xunit.extensibility.core (2.9.3)
  remote: https://pkgs.dev.azure.com/dnceng/public/_packaging/dotnet-tools/nuget/v3/index.json
    Microsoft.CodeAnalysis.Analyzers (5.0.0-2.26170.102)
    Microsoft.CodeAnalysis.Common (5.0.0-2.26070.104)
      Microsoft.CodeAnalysis.Analyzers (>= 3.11)
    Microsoft.CodeAnalysis.CSharp (5.0.0-2.26070.104)
      Microsoft.CodeAnalysis.Analyzers (>= 3.11)
      Microsoft.CodeAnalysis.Common (5.0.0-2.26070.104)
    Microsoft.CodeAnalysis.CSharp.CodeStyle (5.0.0-2.26070.104)
    Microsoft.CodeAnalysis.CSharp.Workspaces (5.0.0-2.26070.104)
      Humanizer.Core (>= 2.14.1)
      Microsoft.CodeAnalysis.Analyzers (>= 3.11)
      Microsoft.CodeAnalysis.Common (5.0.0-2.26070.104)
      Microsoft.CodeAnalysis.CSharp (5.0.0-2.26070.104)
      Microsoft.CodeAnalysis.Workspaces.Common (5.0.0-2.26070.104)
      System.Composition (>= 9.0)
    Microsoft.CodeAnalysis.Workspaces.Common (5.0.0-2.26070.104)
      Humanizer.Core (>= 2.14.1)
      Microsoft.CodeAnalysis.Analyzers (>= 3.11)
      Microsoft.CodeAnalysis.Common (5.0.0-2.26070.104)
      System.Composition (>= 9.0)
  remote: https://pkgs.dev.azure.com/dnceng/public/_packaging/dotnet-eng/nuget/v3/index.json
    Microsoft.DotNet.Arcade.Sdk (10.0.0-beta.26170.102)
    Microsoft.DotNet.CodeAnalysis (10.0.0-beta.26170.102)
    Microsoft.DotNet.GenFacades (10.0.0-beta.26170.102)
    Microsoft.DotNet.RemoteExecutor (11.0.0-beta.26211.102)
      Microsoft.Diagnostics.Runtime (>= 1.0.5)
    Microsoft.DotNet.SharedFramework.Sdk (10.0.0-beta.26170.102)
    Microsoft.DotNet.XUnitAssert (2.9.3-beta.26170.102)
    Microsoft.DotNet.XUnitConsoleRunner (2.9.3-beta.26170.102)
    Microsoft.DotNet.XUnitExtensions (10.0.0-beta.26170.102)
      xunit.abstractions (>= 2.0.3)
      xunit.extensibility.core (>= 2.9.3)
      xunit.extensibility.execution (>= 2.9.3)
  remote: https://pkgs.dev.azure.com/dnceng/public/_packaging/dotnet10-transport/nuget/v3/index.json
    Microsoft.DotNet.Cecil (0.11.5-alpha.26170.102)
    optimization.linux-arm64.MIBC.Runtime (1.0.0-prerelease.26080.1)
    optimization.linux-x64.MIBC.Runtime (1.0.0-prerelease.26080.1)
    System.Data.Common.TestData (10.0.0-beta.25418.1)
    System.Formats.Tar.TestData (10.0.0-beta.25418.1)
    System.IO.Compression.TestData (10.0.0-beta.25418.1)
    System.IO.Packaging.TestData (10.0.0-beta.25418.1)
    System.Net.TestData (10.0.0-beta.25418.1)
    System.Private.Runtime.UnicodeData (10.0.0-beta.25418.1)
    System.Runtime.Numerics.TestData (10.0.0-beta.25418.1)
    System.Security.Cryptography.X509Certificates.TestData (10.0.0-beta.25418.1)
    System.Text.RegularExpressions.TestData (10.0.0-beta.25418.1)

GROUP illink
STORAGE: NONE
RESTRICTION: == netstandard2.0
NUGET
  remote: https://pkgs.dev.azure.com/dnceng/public/_packaging/dotnet-public/nuget/v3/index.json
    Microsoft.CodeAnalysis.Analyzers (5.3.0)
    System.Buffers (4.6.1)
    System.Collections.Immutable (9.0.0)
      System.Memory (>= 4.5.5)
      System.Runtime.CompilerServices.Unsafe (>= 6.0)
    System.Memory (4.6.0)
      System.Buffers (>= 4.6)
      System.Numerics.Vectors (>= 4.6)
      System.Runtime.CompilerServices.Unsafe (>= 6.1)
    System.Numerics.Vectors (4.6.1)
    System.Reflection.Metadata (9.0.0)
      System.Collections.Immutable (>= 9.0)
      System.Memory (>= 4.5.5)
    System.Runtime.CompilerServices.Unsafe (6.1.2)
    System.Text.Encoding.CodePages (9.0.15)
      System.Memory (>= 4.5.5)
      System.Runtime.CompilerServices.Unsafe (>= 6.0)
    System.Threading.Tasks.Extensions (4.6.3)
      System.Runtime.CompilerServices.Unsafe (>= 6.1.2)
  remote: https://pkgs.dev.azure.com/dnceng/public/_packaging/dotnet-tools/nuget/v3/index.json
    Microsoft.CodeAnalysis.Common (5.0.0-2.26070.104)
      Microsoft.CodeAnalysis.Analyzers (>= 3.11)
      System.Buffers (>= 4.6)
      System.Collections.Immutable (>= 9.0)
      System.Memory (>= 4.6)
      System.Numerics.Vectors (>= 4.6)
      System.Reflection.Metadata (>= 9.0)
      System.Runtime.CompilerServices.Unsafe (>= 6.1)
      System.Text.Encoding.CodePages (>= 8.0)
      System.Threading.Tasks.Extensions (>= 4.6)
    Microsoft.CodeAnalysis.CSharp (5.0.0-2.26070.104)
      Microsoft.CodeAnalysis.Analyzers (>= 3.11)
      Microsoft.CodeAnalysis.Common (5.0.0-2.26070.104)
      System.Buffers (>= 4.6)
      System.Collections.Immutable (>= 9.0)
      System.Memory (>= 4.6)
      System.Numerics.Vectors (>= 4.6)
      System.Reflection.Metadata (>= 9.0)
      System.Runtime.CompilerServices.Unsafe (>= 6.1)
      System.Text.Encoding.CodePages (>= 8.0)
      System.Threading.Tasks.Extensions (>= 4.6)
