
Microsoft Visual Studio Solution File, Format Version 12.00
# Visual Studio Version 17
VisualStudioVersion = 17.0.31903.59
MinimumVisualStudioVersion = 10.0.40219.1
Project("{FAE04EC0-301F-11D3-BF4B-00C04F79EFBC}") = "test_proj2bazel", "test_proj2bazel.csproj", "{98BE2A57-519F-419D-8373-D793609C3287}"
EndProject
Global
	GlobalSection(SolutionConfigurationPlatforms) = preSolution
		Debug|Any CPU = Debug|Any CPU
		Release|Any CPU = Release|Any CPU
	EndGlobalSection
	GlobalSection(SolutionProperties) = preSolution
		HideSolutionNode = FALSE
	EndGlobalSection
	GlobalSection(ProjectConfigurationPlatforms) = postSolution
		{98BE2A57-519F-419D-8373-D793609C3287}.Debug|Any CPU.ActiveCfg = Debug|Any CPU
		{98BE2A57-519F-419D-8373-D793609C3287}.Debug|Any CPU.Build.0 = Debug|Any CPU
		{98BE2A57-519F-419D-8373-D793609C3287}.Release|Any CPU.ActiveCfg = Release|Any CPU
		{98BE2A57-519F-419D-8373-D793609C3287}.Release|Any CPU.Build.0 = Release|Any CPU
	EndGlobalSection
EndGlobal
